{
  "name": "rails_practice_note",
  "version": "1.0.0",
  "lockfileVersion": 2,
  "requires": true,
  "packages": {
    "": {
      "name": "rails_practice_note",
      "version": "1.0.0",
      "license": "ISC",
      "dependencies": {
        "zenn-cli": "^0.1.141"
      }
    },
    "node_modules/zenn-cli": {
      "version": "0.1.141",
      "resolved": "https://registry.npmjs.org/zenn-cli/-/zenn-cli-0.1.141.tgz",
      "integrity": "sha512-33hYqqHZk9nYP24Za56jeFcqXsPkoYno9HDsIjdUjQxzl3/zmRaJEiHJ3qD4IId6qNduY3Vhgq3s6kJuCDVuVQ==",
      "bin": {
        "zenn": "dist/server/zenn.js"
      },
      "engines": {
        "node": ">=14.0.0"
      }
    }
  },
  "dependencies": {
    "zenn-cli": {
      "version": "0.1.141",
      "resolved": "https://registry.npmjs.org/zenn-cli/-/zenn-cli-0.1.141.tgz",
      "integrity": "sha512-33hYqqHZk9nYP24Za56jeFcqXsPkoYno9HDsIjdUjQxzl3/zmRaJEiHJ3qD4IId6qNduY3Vhgq3s6kJuCDVuVQ=="
    }
  }
}
