{
  "name": "rails_practice_note",
  "version": "1.0.0",
  "lockfileVersion": 2,
  "requires": true,
  "packages": {
    "": {
      "name": "rails_practice_note",
      "version": "1.0.0",
      "license": "ISC",
      "dependencies": {
        "zenn-cli": "^0.1.145"
      }
    },
    "node_modules/zenn-cli": {
      "version": "0.1.145",
      "resolved": "https://registry.npmjs.org/zenn-cli/-/zenn-cli-0.1.145.tgz",
      "integrity": "sha512-9c2vWi9Zn8tMRLTAbzsM4iN/VHM9dihTRTANavO29epWB+3X59yVeMHyDyfpnXI+CbJcm2sQl56GhbcDBL2w5Q==",
      "bin": {
        "zenn": "dist/server/zenn.js"
      },
      "engines": {
        "node": ">=14.0.0"
      }
    }
  },
  "dependencies": {
    "zenn-cli": {
      "version": "0.1.145",
      "resolved": "https://registry.npmjs.org/zenn-cli/-/zenn-cli-0.1.145.tgz",
      "integrity": "sha512-9c2vWi9Zn8tMRLTAbzsM4iN/VHM9dihTRTANavO29epWB+3X59yVeMHyDyfpnXI+CbJcm2sQl56GhbcDBL2w5Q=="
    }
  }
}
