{
  "name": "rails_practice_note",
  "version": "1.0.0",
  "lockfileVersion": 2,
  "requires": true,
  "packages": {
    "": {
      "name": "rails_practice_note",
      "version": "1.0.0",
      "license": "ISC",
      "dependencies": {
        "zenn-cli": "^0.1.128"
      }
    },
    "node_modules/zenn-cli": {
      "version": "0.1.128",
      "resolved": "https://registry.npmjs.org/zenn-cli/-/zenn-cli-0.1.128.tgz",
      "integrity": "sha512-0jAcuOPZUuRrL6Z72kRgvYGuewsCNe9CUmlOtEhBZD3pb71/SdNdJQVlUkRNi1TuZRvHnn8PnLPBDuqO9daGVw==",
      "bin": {
        "zenn": "dist/server/zenn.js"
      },
      "engines": {
        "node": ">=14.0.0"
      }
    }
  },
  "dependencies": {
    "zenn-cli": {
      "version": "0.1.128",
      "resolved": "https://registry.npmjs.org/zenn-cli/-/zenn-cli-0.1.128.tgz",
      "integrity": "sha512-0jAcuOPZUuRrL6Z72kRgvYGuewsCNe9CUmlOtEhBZD3pb71/SdNdJQVlUkRNi1TuZRvHnn8PnLPBDuqO9daGVw=="
    }
  }
}
